
Microsoft Visual Studio Solution File, Format Version 12.00
# Visual Studio Version 17
VisualStudioVersion = 17.14.36414.22
MinimumVisualStudioVersion = 10.0.40219.1
Project("{FAE04EC0-301F-11D3-BF4B-00C04F79EFBC}") = "DBC_SP", "DBC_SP\DBC_SP.csproj", "{FCD03943-FB43-480B-A5D4-80552123663E}"
EndProject
Project("{FAE04EC0-301F-11D3-BF4B-00C04F79EFBC}") = "DataEntity", "DataEntity\DataEntity.csproj", "{8FBC7F5E-AD5D-4947-ABB8-B669B1A98CC9}"
EndProject
Global
	GlobalSection(SolutionConfigurationPlatforms) = preSolution
		Debug|Any CPU = Debug|Any CPU
		Release|Any CPU = Release|Any CPU
	EndGlobalSection
	GlobalSection(ProjectConfigurationPlatforms) = postSolution
		{FCD03943-FB43-480B-A5D4-80552123663E}.Debug|Any CPU.ActiveCfg = Debug|Any CPU
		{FCD03943-FB43-480B-A5D4-80552123663E}.Debug|Any CPU.Build.0 = Debug|Any CPU
		{FCD03943-FB43-480B-A5D4-80552123663E}.Release|Any CPU.ActiveCfg = Release|Any CPU
		{FCD03943-FB43-480B-A5D4-80552123663E}.Release|Any CPU.Build.0 = Release|Any CPU
		{8FBC7F5E-AD5D-4947-ABB8-B669B1A98CC9}.Debug|Any CPU.ActiveCfg = Debug|Any CPU
		{8FBC7F5E-AD5D-4947-ABB8-B669B1A98CC9}.Debug|Any CPU.Build.0 = Debug|Any CPU
		{8FBC7F5E-AD5D-4947-ABB8-B669B1A98CC9}.Release|Any CPU.ActiveCfg = Release|Any CPU
		{8FBC7F5E-AD5D-4947-ABB8-B669B1A98CC9}.Release|Any CPU.Build.0 = Release|Any CPU
	EndGlobalSection
	GlobalSection(SolutionProperties) = preSolution
		HideSolutionNode = FALSE
	EndGlobalSection
	GlobalSection(ExtensibilityGlobals) = postSolution
		SolutionGuid = {3FF43B7F-F0B0-45E3-9887-C987EC3DEAF9}
	EndGlobalSection
EndGlobal
